
Microsoft Visual Studio Solution File, Format Version 12.00
# Visual Studio Version 17
VisualStudioVersion = 17.5.33414.496
MinimumVisualStudioVersion = 10.0.40219.1
Project("{9A19103F-16F7-4668-BE54-9A1E7A4F7556}") = "FirstMinimalAPI", "FirstMinimalAPI\FirstMinimalAPI.csproj", "{369ADB8F-943D-477C-8E57-ACAC7585E64C}"
EndProject
Project("{9A19103F-16F7-4668-BE54-9A1E7A4F7556}") = "SecondMinimalAPI", "SecondMinimalAPI\SecondMinimalAPI.csproj", "{F5AF6E27-0C9B-48A0-89AE-B9CEC7E9CA51}"
EndProject
Project("{E53339B2-1760-4266-BCC7-CA923CBCF16C}") = "docker-compose", "docker-compose.dcproj", "{1B089226-422A-4580-B84E-3650B341A742}"
EndProject
Global
	GlobalSection(SolutionConfigurationPlatforms) = preSolution
		Debug|Any CPU = Debug|Any CPU
		Release|Any CPU = Release|Any CPU
	EndGlobalSection
	GlobalSection(ProjectConfigurationPlatforms) = postSolution
		{369ADB8F-943D-477C-8E57-ACAC7585E64C}.Debug|Any CPU.ActiveCfg = Debug|Any CPU
		{369ADB8F-943D-477C-8E57-ACAC7585E64C}.Debug|Any CPU.Build.0 = Debug|Any CPU
		{369ADB8F-943D-477C-8E57-ACAC7585E64C}.Release|Any CPU.ActiveCfg = Release|Any CPU
		{369ADB8F-943D-477C-8E57-ACAC7585E64C}.Release|Any CPU.Build.0 = Release|Any CPU
		{F5AF6E27-0C9B-48A0-89AE-B9CEC7E9CA51}.Debug|Any CPU.ActiveCfg = Debug|Any CPU
		{F5AF6E27-0C9B-48A0-89AE-B9CEC7E9CA51}.Debug|Any CPU.Build.0 = Debug|Any CPU
		{F5AF6E27-0C9B-48A0-89AE-B9CEC7E9CA51}.Release|Any CPU.ActiveCfg = Release|Any CPU
		{F5AF6E27-0C9B-48A0-89AE-B9CEC7E9CA51}.Release|Any CPU.Build.0 = Release|Any CPU
		{1B089226-422A-4580-B84E-3650B341A742}.Debug|Any CPU.ActiveCfg = Debug|Any CPU
		{1B089226-422A-4580-B84E-3650B341A742}.Debug|Any CPU.Build.0 = Debug|Any CPU
		{1B089226-422A-4580-B84E-3650B341A742}.Release|Any CPU.ActiveCfg = Release|Any CPU
		{1B089226-422A-4580-B84E-3650B341A742}.Release|Any CPU.Build.0 = Release|Any CPU
	EndGlobalSection
	GlobalSection(SolutionProperties) = preSolution
		HideSolutionNode = FALSE
	EndGlobalSection
	GlobalSection(ExtensibilityGlobals) = postSolution
		SolutionGuid = {7F6C501A-66CE-4C2F-8B01-13EDB0F73F65}
	EndGlobalSection
EndGlobal
